
Microsoft Visual Studio Solution File, Format Version 12.00
# Visual Studio Version 17
VisualStudioVersion = 17.14.36310.24
MinimumVisualStudioVersion = 10.0.40219.1
Project("{FAE04EC0-301F-11D3-BF4B-00C04F79EFBC}") = "WeatherMonitor.Api", "WeatherMonitor\WeatherMonitor.Api.csproj", "{63BE2500-19A8-4D89-8101-34BF2628C238}"
EndProject
Project("{FAE04EC0-301F-11D3-BF4B-00C04F79EFBC}") = "WeatherMonitor.Tests", "WeatherMonitor.Tests\WeatherMonitor.Tests.csproj", "{BA3CD47E-FDF1-4096-981F-81A0FBB0BF56}"
EndProject
Global
	GlobalSection(SolutionConfigurationPlatforms) = preSolution
		Debug|Any CPU = Debug|Any CPU
		Debug|x64 = Debug|x64
		Debug|x86 = Debug|x86
		Release|Any CPU = Release|Any CPU
		Release|x64 = Release|x64
		Release|x86 = Release|x86
	EndGlobalSection
	GlobalSection(ProjectConfigurationPlatforms) = postSolution
		{63BE2500-19A8-4D89-8101-34BF2628C238}.Debug|Any CPU.ActiveCfg = Debug|Any CPU
		{63BE2500-19A8-4D89-8101-34BF2628C238}.Debug|Any CPU.Build.0 = Debug|Any CPU
		{63BE2500-19A8-4D89-8101-34BF2628C238}.Debug|x64.ActiveCfg = Debug|Any CPU
		{63BE2500-19A8-4D89-8101-34BF2628C238}.Debug|x64.Build.0 = Debug|Any CPU
		{63BE2500-19A8-4D89-8101-34BF2628C238}.Debug|x86.ActiveCfg = Debug|Any CPU
		{63BE2500-19A8-4D89-8101-34BF2628C238}.Debug|x86.Build.0 = Debug|Any CPU
		{63BE2500-19A8-4D89-8101-34BF2628C238}.Release|Any CPU.ActiveCfg = Release|Any CPU
		{63BE2500-19A8-4D89-8101-34BF2628C238}.Release|Any CPU.Build.0 = Release|Any CPU
		{63BE2500-19A8-4D89-8101-34BF2628C238}.Release|x64.ActiveCfg = Release|Any CPU
		{63BE2500-19A8-4D89-8101-34BF2628C238}.Release|x64.Build.0 = Release|Any CPU
		{63BE2500-19A8-4D89-8101-34BF2628C238}.Release|x86.ActiveCfg = Release|Any CPU
		{63BE2500-19A8-4D89-8101-34BF2628C238}.Release|x86.Build.0 = Release|Any CPU
		{BA3CD47E-FDF1-4096-981F-81A0FBB0BF56}.Debug|Any CPU.ActiveCfg = Debug|Any CPU
		{BA3CD47E-FDF1-4096-981F-81A0FBB0BF56}.Debug|Any CPU.Build.0 = Debug|Any CPU
		{BA3CD47E-FDF1-4096-981F-81A0FBB0BF56}.Debug|x64.ActiveCfg = Debug|Any CPU
		{BA3CD47E-FDF1-4096-981F-81A0FBB0BF56}.Debug|x64.Build.0 = Debug|Any CPU
		{BA3CD47E-FDF1-4096-981F-81A0FBB0BF56}.Debug|x86.ActiveCfg = Debug|Any CPU
		{BA3CD47E-FDF1-4096-981F-81A0FBB0BF56}.Debug|x86.Build.0 = Debug|Any CPU
		{BA3CD47E-FDF1-4096-981F-81A0FBB0BF56}.Release|Any CPU.ActiveCfg = Release|Any CPU
		{BA3CD47E-FDF1-4096-981F-81A0FBB0BF56}.Release|Any CPU.Build.0 = Release|Any CPU
		{BA3CD47E-FDF1-4096-981F-81A0FBB0BF56}.Release|x64.ActiveCfg = Release|Any CPU
		{BA3CD47E-FDF1-4096-981F-81A0FBB0BF56}.Release|x64.Build.0 = Release|Any CPU
		{BA3CD47E-FDF1-4096-981F-81A0FBB0BF56}.Release|x86.ActiveCfg = Release|Any CPU
		{BA3CD47E-FDF1-4096-981F-81A0FBB0BF56}.Release|x86.Build.0 = Release|Any CPU
	EndGlobalSection
	GlobalSection(SolutionProperties) = preSolution
		HideSolutionNode = FALSE
	EndGlobalSection
	GlobalSection(ExtensibilityGlobals) = postSolution
		SolutionGuid = {B409273B-885A-4B8E-8B20-2251ABE4C846}
	EndGlobalSection
EndGlobal
